dependencies:
- name: spin-operator
  repository: oci://ghcr.io/spinkube/charts
  version: 0.3.0
- name: cert-manager
  repository: https://charts.jetstack.io
  version: v1.14.3
- name: kwasm-operator
  repository: http://kwasm.sh/kwasm-operator/
  version: 0.2.3
digest: sha256:3d3b2ec9e76e9924d6210432c277af05049cb23ecb0e416dce4ba660d1bcbb1d
generated: "2024-09-09T14:38:14.413931+02:00"
