dependencies:
- name: spin-operator
  repository: file://charts/spin-operator
  version: 0.4.0
- name: cert-manager
  repository: file://charts/cert-manager
  version: v0.1.0
- name: runtime-class-manager
  repository: file://charts/runtime-class-manager
  version: 0.1.0
digest: sha256:9c74e5806c675093350c570e172434aadf7323c5cf727190fa40dc65be195360
generated: "2026-02-10T16:35:34.070198-07:00"
