dependencies:
- name: spin-operator
  repository: file://charts/spin-operator
  version: 0.4.0
- name: cert-manager
  repository: file://charts/cert-manager
  version: v0.1.0
- name: kwasm-operator
  repository: file://charts/kwasm-operator
  version: 0.2.3
digest: sha256:692c93c60d865c3fa36a8b60a7761889b5663f25fc5a2838528a1a8e9f8d33e1
generated: "2024-11-05T14:50:24.550048-07:00"
